// !$*UTF8*$!
{
	archiveVersion = 1;
	classes = {
	};
	objectVersion = 50;
	objects = {

/* Begin PBXBuildFile section */
		6607E62124F38A9500136191 /* AppDelegate.swift in Sources */ = {isa = PBXBuildFile; fileRef = 6607E62024F38A9500136191 /* AppDelegate.swift */; };
		6607E62324F38A9500136191 /* SceneDelegate.swift in Sources */ = {isa = PBXBuildFile; fileRef = 6607E62224F38A9500136191 /* SceneDelegate.swift */; };
		6607E62524F38A9500136191 /* DetailViewController.swift in Sources */ = {isa = PBXBuildFile; fileRef = 6607E62424F38A9500136191 /* DetailViewController.swift */; };
		6607E62824F38A9500136191 /* Main.storyboard in Resources */ = {isa = PBXBuildFile; fileRef = 6607E62624F38A9500136191 /* Main.storyboard */; };
		6607E62A24F38A9700136191 /* Assets.xcassets in Resources */ = {isa = PBXBuildFile; fileRef = 6607E62924F38A9700136191 /* Assets.xcassets */; };
		6607E62D24F38A9700136191 /* LaunchScreen.storyboard in Resources */ = {isa = PBXBuildFile; fileRef = 6607E62B24F38A9700136191 /* LaunchScreen.storyboard */; };
		6607E63524F38D0800136191 /* TableViewController.swift in Sources */ = {isa = PBXBuildFile; fileRef = 6607E63424F38D0800136191 /* TableViewController.swift */; };
		6607E63724F38D3B00136191 /* TableViewCell.swift in Sources */ = {isa = PBXBuildFile; fileRef = 6607E63624F38D3B00136191 /* TableViewCell.swift */; };
		6607E63924F3E51300136191 /* ContactList.swift in Sources */ = {isa = PBXBuildFile; fileRef = 6607E63824F3E51300136191 /* ContactList.swift */; };
		6607E63B24F4EE3E00136191 /* ListControllerDelegate.swift in Sources */ = {isa = PBXBuildFile; fileRef = 6607E63A24F4EE3E00136191 /* ListControllerDelegate.swift */; };
/* End PBXBuildFile section */

/* Begin PBXFileReference section */
		6607E61D24F38A9500136191 /* SplitViewController.app */ = {isa = PBXFileReference; explicitFileType = wrapper.application; includeInIndex = 0; path = SplitViewController.app; sourceTree = BUILT_PRODUCTS_DIR; };
		6607E62024F38A9500136191 /* AppDelegate.swift */ = {isa = PBXFileReference; lastKnownFileType = sourcecode.swift; path = AppDelegate.swift; sourceTree = "<group>"; };
		6607E62224F38A9500136191 /* SceneDelegate.swift */ = {isa = PBXFileReference; lastKnownFileType = sourcecode.swift; path = SceneDelegate.swift; sourceTree = "<group>"; };
		6607E62424F38A9500136191 /* DetailViewController.swift */ = {isa = PBXFileReference; lastKnownFileType = sourcecode.swift; path = DetailViewController.swift; sourceTree = "<group>"; };
		6607E62724F38A9500136191 /* Base */ = {isa = PBXFileReference; lastKnownFileType = file.storyboard; name = Base; path = Base.lproj/Main.storyboard; sourceTree = "<group>"; };
		6607E62924F38A9700136191 /* Assets.xcassets */ = {isa = PBXFileReference; lastKnownFileType = folder.assetcatalog; path = Assets.xcassets; sourceTree = "<group>"; };
		6607E62C24F38A9700136191 /* Base */ = {isa = PBXFileReference; lastKnownFileType = file.storyboard; name = Base; path = Base.lproj/LaunchScreen.storyboard; sourceTree = "<group>"; };
		6607E62E24F38A9700136191 /* Info.plist */ = {isa = PBXFileReference; lastKnownFileType = text.plist.xml; path = Info.plist; sourceTree = "<group>"; };
		6607E63424F38D0800136191 /* TableViewController.swift */ = {isa = PBXFileReference; lastKnownFileType = sourcecode.swift; path = TableViewController.swift; sourceTree = "<group>"; };
		6607E63624F38D3B00136191 /* TableViewCell.swift */ = {isa = PBXFileReference; lastKnownFileType = sourcecode.swift; path = TableViewCell.swift; sourceTree = "<group>"; };
		6607E63824F3E51300136191 /* ContactList.swift */ = {isa = PBXFileReference; lastKnownFileType = sourcecode.swift; path = ContactList.swift; sourceTree = "<group>"; };
		6607E63A24F4EE3E00136191 /* ListControllerDelegate.swift */ = {isa = PBXFileReference; lastKnownFileType = sourcecode.swift; path = ListControllerDelegate.swift; sourceTree = "<group>"; };
/* End PBXFileReference section */

/* Begin PBXFrameworksBuildPhase section */
		6607E61A24F38A9500136191 /* Frameworks */ = {
			isa = PBXFrameworksBuildPhase;
			buildActionMask = 2147483647;
			files = (
			);
			runOnlyForDeploymentPostprocessing = 0;
		};
/* End PBXFrameworksBuildPhase section */

/* Begin PBXGroup section */
		6607E61424F38A9500136191 = {
			isa = PBXGroup;
			children = (
				6607E61F24F38A9500136191 /* SplitViewController */,
				6607E61E24F38A9500136191 /* Products */,
			);
			sourceTree = "<group>";
		};
		6607E61E24F38A9500136191 /* Products */ = {
			isa = PBXGroup;
			children = (
				6607E61D24F38A9500136191 /* SplitViewController.app */,
			);
			name = Products;
			sourceTree = "<group>";
		};
		6607E61F24F38A9500136191 /* SplitViewController */ = {
			isa = PBXGroup;
			children = (
				6607E62024F38A9500136191 /* AppDelegate.swift */,
				6607E62224F38A9500136191 /* SceneDelegate.swift */,
				6607E62424F38A9500136191 /* DetailViewController.swift */,
				6607E63A24F4EE3E00136191 /* ListControllerDelegate.swift */,
				6607E63824F3E51300136191 /* ContactList.swift */,
				6607E62624F38A9500136191 /* Main.storyboard */,
				6607E63624F38D3B00136191 /* TableViewCell.swift */,
				6607E63424F38D0800136191 /* TableViewController.swift */,
				6607E62924F38A9700136191 /* Assets.xcassets */,
				6607E62B24F38A9700136191 /* LaunchScreen.storyboard */,
				6607E62E24F38A9700136191 /* Info.plist */,
			);
			path = SplitViewController;
			sourceTree = "<group>";
		};
/* End PBXGroup section */

/* Begin PBXNativeTarget section */
		6607E61C24F38A9500136191 /* SplitViewController */ = {
			isa = PBXNativeTarget;
			buildConfigurationList = 6607E63124F38A9700136191 /* Build configuration list for PBXNativeTarget "SplitViewController" */;
			buildPhases = (
				6607E61924F38A9500136191 /* Sources */,
				6607E61A24F38A9500136191 /* Frameworks */,
				6607E61B24F38A9500136191 /* Resources */,
			);
			buildRules = (
			);
			dependencies = (
			);
			name = SplitViewController;
			productName = SplitViewController;
			productReference = 6607E61D24F38A9500136191 /* SplitViewController.app */;
			productType = "com.apple.product-type.application";
		};
/* End PBXNativeTarget section */

/* Begin PBXProject section */
		6607E61524F38A9500136191 /* Project object */ = {
			isa = PBXProject;
			attributes = {
				LastSwiftUpdateCheck = 1160;
				LastUpgradeCheck = 1160;
				ORGANIZATIONNAME = "Sunitha Balasubramanian";
				TargetAttributes = {
					6607E61C24F38A9500136191 = {
						CreatedOnToolsVersion = 11.6;
					};
				};
			};
			buildConfigurationList = 6607E61824F38A9500136191 /* Build configuration list for PBXProject "SplitViewController" */;
			compatibilityVersion = "Xcode 9.3";
			developmentRegion = en;
			hasScannedForEncodings = 0;
			knownRegions = (
				en,
				Base,
			);
			mainGroup = 6607E61424F38A9500136191;
			productRefGroup = 6607E61E24F38A9500136191 /* Products */;
			projectDirPath = "";
			projectRoot = "";
			targets = (
				6607E61C24F38A9500136191 /* SplitViewController */,
			);
		};
/* End PBXProject section */

/* Begin PBXResourcesBuildPhase section */
		6607E61B24F38A9500136191 /* Resources */ = {
			isa = PBXResourcesBuildPhase;
			buildActionMask = 2147483647;
			files = (
				6607E62D24F38A9700136191 /* LaunchScreen.storyboard in Resources */,
				6607E62A24F38A9700136191 /* Assets.xcassets in Resources */,
				6607E62824F38A9500136191 /* Main.storyboard in Resources */,
			);
			runOnlyForDeploymentPostprocessing = 0;
		};
/* End PBXResourcesBuildPhase section */

/* Begin PBXSourcesBuildPhase section */
		6607E61924F38A9500136191 /* Sources */ = {
			isa = PBXSourcesBuildPhase;
			buildActionMask = 2147483647;
			files = (
				6607E63B24F4EE3E00136191 /* ListControllerDelegate.swift in Sources */,
				6607E63924F3E51300136191 /* ContactList.swift in Sources */,
				6607E63724F38D3B00136191 /* TableViewCell.swift in Sources */,
				6607E62524F38A9500136191 /* DetailViewController.swift in Sources */,
				6607E62124F38A9500136191 /* AppDelegate.swift in Sources */,
				6607E62324F38A9500136191 /* SceneDelegate.swift in Sources */,
				6607E63524F38D0800136191 /* TableViewController.swift in Sources */,
			);
			runOnlyForDeploymentPostprocessing = 0;
		};
/* End PBXSourcesBuildPhase section */

/* Begin PBXVariantGroup section */
		6607E62624F38A9500136191 /* Main.storyboard */ = {
			isa = PBXVariantGroup;
			children = (
				6607E62724F38A9500136191 /* Base */,
			);
			name = Main.storyboard;
			sourceTree = "<group>";
		};
		6607E62B24F38A9700136191 /* LaunchScreen.storyboard */ = {
			isa = PBXVariantGroup;
			children = (
				6607E62C24F38A9700136191 /* Base */,
			);
			name = LaunchScreen.storyboard;
			sourceTree = "<group>";
		};
/* End PBXVariantGroup section */

/* Begin XCBuildConfiguration section */
		6607E62F24F38A9700136191 /* Debug */ = {
			isa = XCBuildConfiguration;
			buildSettings = {
				ALWAYS_SEARCH_USER_PATHS = NO;
				CLANG_ANALYZER_NONNULL = YES;
				CLANG_ANALYZER_NUMBER_OBJECT_CONVERSION = YES_AGGRESSIVE;
				CLANG_CXX_LANGUAGE_STANDARD = "gnu++14";
				CLANG_CXX_LIBRARY = "libc++";
				CLANG_ENABLE_MODULES = YES;
				CLANG_ENABLE_OBJC_ARC = YES;
				CLANG_ENABLE_OBJC_WEAK = YES;
				CLANG_WARN_BLOCK_CAPTURE_AUTORELEASING = YES;
				CLANG_WARN_BOOL_CONVERSION = YES;
				CLANG_WARN_COMMA = YES;
				CLANG_WARN_CONSTANT_CONVERSION = YES;
				CLANG_WARN_DEPRECATED_OBJC_IMPLEMENTATIONS = YES;
				CLANG_WARN_DIRECT_OBJC_ISA_USAGE = YES_ERROR;
				CLANG_WARN_DOCUMENTATION_COMMENTS = YES;
				CLANG_WARN_EMPTY_BODY = YES;
				CLANG_WARN_ENUM_CONVERSION = YES;
				CLANG_WARN_INFINITE_RECURSION = YES;
				CLANG_WARN_INT_CONVERSION = YES;
				CLANG_WARN_NON_LITERAL_NULL_CONVERSION = YES;
				CLANG_WARN_OBJC_IMPLICIT_RETAIN_SELF = YES;
				CLANG_WARN_OBJC_LITERAL_CONVERSION = YES;
				CLANG_WARN_OBJC_ROOT_CLASS = YES_ERROR;
				CLANG_WARN_RANGE_LOOP_ANALYSIS = YES;
				CLANG_WARN_STRICT_PROTOTYPES = YES;
				CLANG_WARN_SUSPICIOUS_MOVE = YES;
				CLANG_WARN_UNGUARDED_AVAILABILITY = YES_AGGRESSIVE;
				CLANG_WARN_UNREACHABLE_CODE = YES;
				CLANG_WARN__DUPLICATE_METHOD_MATCH = YES;
				COPY_PHASE_STRIP = NO;
				DEBUG_INFORMATION_FORMAT = dwarf;
				ENABLE_STRICT_OBJC_MSGSEND = YES;
				ENABLE_TESTABILITY = YES;
				GCC_C_LANGUAGE_STANDARD = gnu11;
				GCC_DYNAMIC_NO_PIC = NO;
				GCC_NO_COMMON_BLOCKS = YES;
				GCC_OPTIMIZATION_LEVEL = 0;
				GCC_PREPROCESSOR_DEFINITIONS = (
					"DEBUG=1",
					"$(inherited)",
				);
				GCC_WARN_64_TO_32_BIT_CONVERSION = YES;
				GCC_WARN_ABOUT_RETURN_TYPE = YES_ERROR;
				GCC_WARN_UNDECLARED_SELECTOR = YES;
				GCC_WARN_UNINITIALIZED_AUTOS = YES_AGGRESSIVE;
				GCC_WARN_UNUSED_FUNCTION = YES;
				GCC_WARN_UNUSED_VARIABLE = YES;
				IPHONEOS_DEPLOYMENT_TARGET = 13.6;
				MTL_ENABLE_DEBUG_INFO = INCLUDE_SOURCE;
				MTL_FAST_MATH = YES;
				ONLY_ACTIVE_ARCH = YES;
				SDKROOT = iphoneos;
				SWIFT_ACTIVE_COMPILATION_CONDITIONS = DEBUG;
				SWIFT_OPTIMIZATION_LEVEL = "-Onone";
			};
			name = Debug;
		};
		6607E63024F38A9700136191 /* Release */ = {
			isa = XCBuildConfiguration;
			buildSettings = {
				ALWAYS_SEARCH_USER_PATHS = NO;
				CLANG_ANALYZER_NONNULL = YES;
				CLANG_ANALYZER_NUMBER_OBJECT_CONVERSION = YES_AGGRESSIVE;
				CLANG_CXX_LANGUAGE_STANDARD = "gnu++14";
				CLANG_CXX_LIBRARY = "libc++";
				CLANG_ENABLE_MODULES = YES;
				CLANG_ENABLE_OBJC_ARC = YES;
				CLANG_ENABLE_OBJC_WEAK = YES;
				CLANG_WARN_BLOCK_CAPTURE_AUTORELEASING = YES;
				CLANG_WARN_BOOL_CONVERSION = YES;
				CLANG_WARN_COMMA = YES;
				CLANG_WARN_CONSTANT_CONVERSION = YES;
				CLANG_WARN_DEPRECATED_OBJC_IMPLEMENTATIONS = YES;
				CLANG_WARN_DIRECT_OBJC_ISA_USAGE = YES_ERROR;
				CLANG_WARN_DOCUMENTATION_COMMENTS = YES;
				CLANG_WARN_EMPTY_BODY = YES;
				CLANG_WARN_ENUM_CONVERSION = YES;
				CLANG_WARN_INFINITE_RECURSION = YES;
				CLANG_WARN_INT_CONVERSION = YES;
				CLANG_WARN_NON_LITERAL_NULL_CONVERSION = YES;
				CLANG_WARN_OBJC_IMPLICIT_RETAIN_SELF = YES;
				CLANG_WARN_OBJC_LITERAL_CONVERSION = YES;
				CLANG_WARN_OBJC_ROOT_CLASS = YES_ERROR;
				CLANG_WARN_RANGE_LOOP_ANALYSIS = YES;
				CLANG_WARN_STRICT_PROTOTYPES = YES;
				CLANG_WARN_SUSPICIOUS_MOVE = YES;
				CLANG_WARN_UNGUARDED_AVAILABILITY = YES_AGGRESSIVE;
				CLANG_WARN_UNREACHABLE_CODE = YES;
				CLANG_WARN__DUPLICATE_METHOD_MATCH = YES;
				COPY_PHASE_STRIP = NO;
				DEBUG_INFORMATION_FORMAT = "dwarf-with-dsym";
				ENABLE_NS_ASSERTIONS = NO;
				ENABLE_STRICT_OBJC_MSGSEND = YES;
				GCC_C_LANGUAGE_STANDARD = gnu11;
				GCC_NO_COMMON_BLOCKS = YES;
				GCC_WARN_64_TO_32_BIT_CONVERSION = YES;
				GCC_WARN_ABOUT_RETURN_TYPE = YES_ERROR;
				GCC_WARN_UNDECLARED_SELECTOR = YES;
				GCC_WARN_UNINITIALIZED_AUTOS = YES_AGGRESSIVE;
				GCC_WARN_UNUSED_FUNCTION = YES;
				GCC_WARN_UNUSED_VARIABLE = YES;
				IPHONEOS_DEPLOYMENT_TARGET = 13.6;
				MTL_ENABLE_DEBUG_INFO = NO;
				MTL_FAST_MATH = YES;
				SDKROOT = iphoneos;
				SWIFT_COMPILATION_MODE = wholemodule;
				SWIFT_OPTIMIZATION_LEVEL = "-O";
				VALIDATE_PRODUCT = YES;
			};
			name = Release;
		};
		6607E63224F38A9700136191 /* Debug */ = {
			isa = XCBuildConfiguration;
			buildSettings = {
				ASSETCATALOG_COMPILER_APPICON_NAME = AppIcon;
				CODE_SIGN_STYLE = Automatic;
				INFOPLIST_FILE = SplitViewController/Info.plist;
				LD_RUNPATH_SEARCH_PATHS = (
					"$(inherited)",
					"@executable_path/Frameworks",
				);
				PRODUCT_BUNDLE_IDENTIFIER = com.ivyMobility.SplitViewController;
				PRODUCT_NAME = "$(TARGET_NAME)";
				SWIFT_VERSION = 5.0;
				TARGETED_DEVICE_FAMILY = "1,2";
			};
			name = Debug;
		};
		6607E63324F38A9700136191 /* Release */ = {
			isa = XCBuildConfiguration;
			buildSettings = {
				ASSETCATALOG_COMPILER_APPICON_NAME = AppIcon;
				CODE_SIGN_STYLE = Automatic;
				INFOPLIST_FILE = SplitViewController/Info.plist;
				LD_RUNPATH_SEARCH_PATHS = (
					"$(inherited)",
					"@executable_path/Frameworks",
				);
				PRODUCT_BUNDLE_IDENTIFIER = com.ivyMobility.SplitViewController;
				PRODUCT_NAME = "$(TARGET_NAME)";
				SWIFT_VERSION = 5.0;
				TARGETED_DEVICE_FAMILY = "1,2";
			};
			name = Release;
		};
/* End XCBuildConfiguration section */

/* Begin XCConfigurationList section */
		6607E61824F38A9500136191 /* Build configuration list for PBXProject "SplitViewController" */ = {
			isa = XCConfigurationList;
			buildConfigurations = (
				6607E62F24F38A9700136191 /* Debug */,
				6607E63024F38A9700136191 /* Release */,
			);
			defaultConfigurationIsVisible = 0;
			defaultConfigurationName = Release;
		};
		6607E63124F38A9700136191 /* Build configuration list for PBXNativeTarget "SplitViewController" */ = {
			isa = XCConfigurationList;
			buildConfigurations = (
				6607E63224F38A9700136191 /* Debug */,
				6607E63324F38A9700136191 /* Release */,
			);
			defaultConfigurationIsVisible = 0;
			defaultConfigurationName = Release;
		};
/* End XCConfigurationList section */
	};
	rootObject = 6607E61524F38A9500136191 /* Project object */;
}
